
Microsoft Visual Studio Solution File, Format Version 12.00
Project("{FAE04EC0-301F-11D3-BF4B-00C04F79EFBC}") = "CleanCode.Naming", "CleanCode.Naming\CleanCode.Naming.csproj", "{9BC05F03-9000-4B55-8BDF-83660691F3F3}"
EndProject
Global
	GlobalSection(SolutionConfigurationPlatforms) = preSolution
		Debug|Any CPU = Debug|Any CPU
		Release|Any CPU = Release|Any CPU
	EndGlobalSection
	GlobalSection(ProjectConfigurationPlatforms) = postSolution
		{9BC05F03-9000-4B55-8BDF-83660691F3F3}.Debug|Any CPU.ActiveCfg = Debug|Any CPU
		{9BC05F03-9000-4B55-8BDF-83660691F3F3}.Debug|Any CPU.Build.0 = Debug|Any CPU
		{9BC05F03-9000-4B55-8BDF-83660691F3F3}.Release|Any CPU.ActiveCfg = Release|Any CPU
		{9BC05F03-9000-4B55-8BDF-83660691F3F3}.Release|Any CPU.Build.0 = Release|Any CPU
	EndGlobalSection
EndGlobal
